
Microsoft Visual Studio Solution File, Format Version 12.00
# Visual Studio Version 17
VisualStudioVersion = 17.8.34330.188
MinimumVisualStudioVersion = 10.0.40219.1
Project("{FAE04EC0-301F-11D3-BF4B-00C04F79EFBC}") = "FakeNewsDetection", "FakeNewsDetection\FakeNewsDetection.csproj", "{AD9D3D83-A705-4D53-A074-3A61BA088D3C}"
EndProject
Global
	GlobalSection(SolutionConfigurationPlatforms) = preSolution
		Debug|Any CPU = Debug|Any CPU
		Release|Any CPU = Release|Any CPU
	EndGlobalSection
	GlobalSection(ProjectConfigurationPlatforms) = postSolution
		{AD9D3D83-A705-4D53-A074-3A61BA088D3C}.Debug|Any CPU.ActiveCfg = Debug|Any CPU
		{AD9D3D83-A705-4D53-A074-3A61BA088D3C}.Debug|Any CPU.Build.0 = Debug|Any CPU
		{AD9D3D83-A705-4D53-A074-3A61BA088D3C}.Release|Any CPU.ActiveCfg = Release|Any CPU
		{AD9D3D83-A705-4D53-A074-3A61BA088D3C}.Release|Any CPU.Build.0 = Release|Any CPU
	EndGlobalSection
	GlobalSection(SolutionProperties) = preSolution
		HideSolutionNode = FALSE
	EndGlobalSection
	GlobalSection(ExtensibilityGlobals) = postSolution
		SolutionGuid = {E0B6E16E-44CE-486B-A3D9-30375C95D837}
	EndGlobalSection
EndGlobal
